
Microsoft Visual Studio Solution File, Format Version 12.00
# Visual Studio 14
VisualStudioVersion = 14.0.23107.0
MinimumVisualStudioVersion = 10.0.40219.1
Project("{8BC9CEB8-8B4A-11D0-8D11-00A0C91BC942}") = "leetcode_14_Longest_Common_Prefix", "leetcode_14_Longest_Common_Prefix\leetcode_14_Longest_Common_Prefix.vcxproj", "{3C454C9D-EA7C-466E-B53B-E7F4CD3B1DE1}"
EndProject
Global
	GlobalSection(SolutionConfigurationPlatforms) = preSolution
		Debug|x64 = Debug|x64
		Debug|x86 = Debug|x86
		Release|x64 = Release|x64
		Release|x86 = Release|x86
	EndGlobalSection
	GlobalSection(ProjectConfigurationPlatforms) = postSolution
		{3C454C9D-EA7C-466E-B53B-E7F4CD3B1DE1}.Debug|x64.ActiveCfg = Debug|x64
		{3C454C9D-EA7C-466E-B53B-E7F4CD3B1DE1}.Debug|x64.Build.0 = Debug|x64
		{3C454C9D-EA7C-466E-B53B-E7F4CD3B1DE1}.Debug|x86.ActiveCfg = Debug|Win32
		{3C454C9D-EA7C-466E-B53B-E7F4CD3B1DE1}.Debug|x86.Build.0 = Debug|Win32
		{3C454C9D-EA7C-466E-B53B-E7F4CD3B1DE1}.Release|x64.ActiveCfg = Release|x64
		{3C454C9D-EA7C-466E-B53B-E7F4CD3B1DE1}.Release|x64.Build.0 = Release|x64
		{3C454C9D-EA7C-466E-B53B-E7F4CD3B1DE1}.Release|x86.ActiveCfg = Release|Win32
		{3C454C9D-EA7C-466E-B53B-E7F4CD3B1DE1}.Release|x86.Build.0 = Release|Win32
	EndGlobalSection
	GlobalSection(SolutionProperties) = preSolution
		HideSolutionNode = FALSE
	EndGlobalSection
EndGlobal
